dependencies:
- name: bank-accounts-service
  repository: file://./charts/bank-accounts-service
  version: 0.1.0
- name: bank-blocker-service
  repository: file://./charts/bank-blocker-service
  version: 0.1.0
- name: bank-cash-service
  repository: file://./charts/bank-cash-service
  version: 0.1.0
- name: bank-exchange-service
  repository: file://./charts/bank-exchange-service
  version: 0.1.0
- name: bank-exchangegenerator-service
  repository: file://./charts/bank-exchangegenerator-service
  version: 0.1.0
- name: bank-frontui-service
  repository: file://./charts/bank-frontui-service
  version: 0.1.0
- name: bank-notifications-service
  repository: file://./charts/bank-notifications-service
  version: 0.1.0
- name: bank-transfer-service
  repository: file://./charts/bank-transfer-service
  version: 0.1.0
- name: postgresql
  repository: https://charts.bitnami.com/bitnami
  version: 14.2.3
- name: keycloak
  repository: https://charts.bitnami.com/bitnami
  version: 24.9.0
- name: kafka
  repository: https://charts.bitnami.com/bitnami
  version: 26.11.4
- name: zipkin
  repository: https://charts.bitnami.com/bitnami
  version: 1.3.11
- name: prometheus
  repository: https://prometheus-community.github.io/helm-charts
  version: 27.30.0
digest: sha256:2d07d66d5e0e993b7ce552ea1ba69d690686354a3ee197df1f6192b9e131b1fe
generated: "2025-08-18T19:15:46.7018993+03:00"
