dependencies:
- name: bank-accounts-service
  repository: file://./charts/bank-accounts-service
  version: 0.1.0
- name: bank-blocker-service
  repository: file://./charts/bank-blocker-service
  version: 0.1.0
- name: bank-cash-service
  repository: file://./charts/bank-cash-service
  version: 0.1.0
- name: bank-exchange-service
  repository: file://./charts/bank-exchange-service
  version: 0.1.0
- name: bank-exchangegenerator-service
  repository: file://./charts/bank-exchangegenerator-service
  version: 0.1.0
- name: bank-frontui-service
  repository: file://./charts/bank-frontui-service
  version: 0.1.0
- name: bank-notifications-service
  repository: file://./charts/bank-notifications-service
  version: 0.1.0
- name: bank-transfer-service
  repository: file://./charts/bank-transfer-service
  version: 0.1.0
- name: postgresql
  repository: https://charts.bitnami.com/bitnami
  version: 14.2.3
- name: keycloak
  repository: https://charts.bitnami.com/bitnami
  version: 24.9.0
- name: kafka
  repository: https://charts.bitnami.com/bitnami
  version: 32.3.11
digest: sha256:7ee11fdf069feb569e2cbd6e6891c9234a9be4017497eab83482cf1b2bae8ea6
generated: "2025-08-12T16:06:53.6592898+03:00"
